
Microsoft Visual Studio Solution File, Format Version 12.00
# Visual Studio Version 17
VisualStudioVersion = 17.2.32526.322
MinimumVisualStudioVersion = 10.0.40219.1
Project("{9A19103F-16F7-4668-BE54-9A1E7A4F7556}") = "Ders01Degiskenler", "Ders01Degiskenler\Ders01Degiskenler.csproj", "{AABB1E53-9DF5-4F6F-A5E5-4A368FA0CAC0}"
EndProject
Project("{9A19103F-16F7-4668-BE54-9A1E7A4F7556}") = "Ders02Diziler", "Ders02Diziler\Ders02Diziler.csproj", "{EB9AF3E3-10AA-4151-9077-1A6870B52371}"
EndProject
Project("{9A19103F-16F7-4668-BE54-9A1E7A4F7556}") = "Ders03TipDonusumleri", "Ders03TipDonusumleri\Ders03TipDonusumleri.csproj", "{1EF71259-E2C1-4E8F-9CC9-19371A0AB7CE}"
EndProject
Project("{9A19103F-16F7-4668-BE54-9A1E7A4F7556}") = "Ders04Operatorler", "Ders04Operatorler\Ders04Operatorler.csproj", "{7DB69E8D-4F9F-44EC-8739-E2C468DB1918}"
EndProject
Project("{9A19103F-16F7-4668-BE54-9A1E7A4F7556}") = "Ders05KosulYapilari", "Ders05KosulYapilari\Ders05KosulYapilari.csproj", "{177E46F1-7F95-4806-A58D-DFB080BCD68D}"
EndProject
Project("{9A19103F-16F7-4668-BE54-9A1E7A4F7556}") = "Ders06Donguler", "Ders06Donguler\Ders06Donguler.csproj", "{E16BAB75-689B-4D3A-9C41-DE5B07AF2E82}"
EndProject
Project("{9A19103F-16F7-4668-BE54-9A1E7A4F7556}") = "Ders07Metotlar", "Ders07Metotlar\Ders07Metotlar.csproj", "{750E1BE6-8D72-4450-9EBC-7A660BED90B6}"
EndProject
Project("{9A19103F-16F7-4668-BE54-9A1E7A4F7556}") = "Ders08Classlar", "Ders08Classlar\Ders08Classlar.csproj", "{6C016BCC-3FA6-4CC9-9FF1-4FB00745E815}"
EndProject
Project("{9A19103F-16F7-4668-BE54-9A1E7A4F7556}") = "Ders09ErisimBelirleyiciler", "Ders09ErisimBelirleyiciler\Ders09ErisimBelirleyiciler.csproj", "{D669EAA2-4E5F-4BC8-95CC-E203591394AA}"
EndProject
Project("{9A19103F-16F7-4668-BE54-9A1E7A4F7556}") = "Ders10OzgenlerProperties", "Ders10OzgenlerProperties\Ders10OzgenlerProperties.csproj", "{6F67D696-F621-4231-9F31-F4D2CEA446E4}"
EndProject
Project("{9A19103F-16F7-4668-BE54-9A1E7A4F7556}") = "Ders11StructYapilar", "Ders11StructYapilar\Ders11StructYapilar.csproj", "{AA76442A-25C5-46F9-BDD6-DDCADD1B98E0}"
EndProject
Project("{9A19103F-16F7-4668-BE54-9A1E7A4F7556}") = "Ders12StringSinifi", "Ders12StringSinifi\Ders12StringSinifi.csproj", "{E0A797CA-EE3E-464A-88D6-B95EF57C9537}"
EndProject
Project("{9A19103F-16F7-4668-BE54-9A1E7A4F7556}") = "Ders13Enumlar", "Ders13Enumlar\Ders13Enumlar.csproj", "{D72142C4-CF23-4A65-BFF6-D6F138302E9A}"
EndProject
Project("{9A19103F-16F7-4668-BE54-9A1E7A4F7556}") = "Ders14KalitimInheritance", "Ders14KalitimInheritance\Ders14KalitimInheritance.csproj", "{A421DD5D-0AFD-48BA-BDD7-1E965E7E80C9}"
EndProject
Project("{9A19103F-16F7-4668-BE54-9A1E7A4F7556}") = "Ders15Kapsülleme-Encapsulation", "Ders15Kapsülleme\Ders15Kapsülleme-Encapsulation.csproj", "{654AE93B-20F9-4973-AF25-C79878949559}"
EndProject
Project("{9A19103F-16F7-4668-BE54-9A1E7A4F7556}") = "Ders16InterfacesArayuzler", "Ders16InterfacesArayuzler\Ders16InterfacesArayuzler.csproj", "{68CE3BE4-952B-4C90-AE7D-59337EE6C423}"
EndProject
Project("{FAE04EC0-301F-11D3-BF4B-00C04F79EFBC}") = "Ders17AbstractClasses", "Ders17AbstractClasses\Ders17AbstractClasses.csproj", "{669E70E7-1601-4C29-AC6D-BD9E6CDDF3B1}"
EndProject
Global
	GlobalSection(SolutionConfigurationPlatforms) = preSolution
		Debug|Any CPU = Debug|Any CPU
		Release|Any CPU = Release|Any CPU
	EndGlobalSection
	GlobalSection(ProjectConfigurationPlatforms) = postSolution
		{AABB1E53-9DF5-4F6F-A5E5-4A368FA0CAC0}.Debug|Any CPU.ActiveCfg = Debug|Any CPU
		{AABB1E53-9DF5-4F6F-A5E5-4A368FA0CAC0}.Debug|Any CPU.Build.0 = Debug|Any CPU
		{AABB1E53-9DF5-4F6F-A5E5-4A368FA0CAC0}.Release|Any CPU.ActiveCfg = Release|Any CPU
		{AABB1E53-9DF5-4F6F-A5E5-4A368FA0CAC0}.Release|Any CPU.Build.0 = Release|Any CPU
		{EB9AF3E3-10AA-4151-9077-1A6870B52371}.Debug|Any CPU.ActiveCfg = Debug|Any CPU
		{EB9AF3E3-10AA-4151-9077-1A6870B52371}.Debug|Any CPU.Build.0 = Debug|Any CPU
		{EB9AF3E3-10AA-4151-9077-1A6870B52371}.Release|Any CPU.ActiveCfg = Release|Any CPU
		{EB9AF3E3-10AA-4151-9077-1A6870B52371}.Release|Any CPU.Build.0 = Release|Any CPU
		{1EF71259-E2C1-4E8F-9CC9-19371A0AB7CE}.Debug|Any CPU.ActiveCfg = Debug|Any CPU
		{1EF71259-E2C1-4E8F-9CC9-19371A0AB7CE}.Debug|Any CPU.Build.0 = Debug|Any CPU
		{1EF71259-E2C1-4E8F-9CC9-19371A0AB7CE}.Release|Any CPU.ActiveCfg = Release|Any CPU
		{1EF71259-E2C1-4E8F-9CC9-19371A0AB7CE}.Release|Any CPU.Build.0 = Release|Any CPU
		{7DB69E8D-4F9F-44EC-8739-E2C468DB1918}.Debug|Any CPU.ActiveCfg = Debug|Any CPU
		{7DB69E8D-4F9F-44EC-8739-E2C468DB1918}.Debug|Any CPU.Build.0 = Debug|Any CPU
		{7DB69E8D-4F9F-44EC-8739-E2C468DB1918}.Release|Any CPU.ActiveCfg = Release|Any CPU
		{7DB69E8D-4F9F-44EC-8739-E2C468DB1918}.Release|Any CPU.Build.0 = Release|Any CPU
		{177E46F1-7F95-4806-A58D-DFB080BCD68D}.Debug|Any CPU.ActiveCfg = Debug|Any CPU
		{177E46F1-7F95-4806-A58D-DFB080BCD68D}.Debug|Any CPU.Build.0 = Debug|Any CPU
		{177E46F1-7F95-4806-A58D-DFB080BCD68D}.Release|Any CPU.ActiveCfg = Release|Any CPU
		{177E46F1-7F95-4806-A58D-DFB080BCD68D}.Release|Any CPU.Build.0 = Release|Any CPU
		{E16BAB75-689B-4D3A-9C41-DE5B07AF2E82}.Debug|Any CPU.ActiveCfg = Debug|Any CPU
		{E16BAB75-689B-4D3A-9C41-DE5B07AF2E82}.Debug|Any CPU.Build.0 = Debug|Any CPU
		{E16BAB75-689B-4D3A-9C41-DE5B07AF2E82}.Release|Any CPU.ActiveCfg = Release|Any CPU
		{E16BAB75-689B-4D3A-9C41-DE5B07AF2E82}.Release|Any CPU.Build.0 = Release|Any CPU
		{750E1BE6-8D72-4450-9EBC-7A660BED90B6}.Debug|Any CPU.ActiveCfg = Debug|Any CPU
		{750E1BE6-8D72-4450-9EBC-7A660BED90B6}.Debug|Any CPU.Build.0 = Debug|Any CPU
		{750E1BE6-8D72-4450-9EBC-7A660BED90B6}.Release|Any CPU.ActiveCfg = Release|Any CPU
		{750E1BE6-8D72-4450-9EBC-7A660BED90B6}.Release|Any CPU.Build.0 = Release|Any CPU
		{6C016BCC-3FA6-4CC9-9FF1-4FB00745E815}.Debug|Any CPU.ActiveCfg = Debug|Any CPU
		{6C016BCC-3FA6-4CC9-9FF1-4FB00745E815}.Debug|Any CPU.Build.0 = Debug|Any CPU
		{6C016BCC-3FA6-4CC9-9FF1-4FB00745E815}.Release|Any CPU.ActiveCfg = Release|Any CPU
		{6C016BCC-3FA6-4CC9-9FF1-4FB00745E815}.Release|Any CPU.Build.0 = Release|Any CPU
		{D669EAA2-4E5F-4BC8-95CC-E203591394AA}.Debug|Any CPU.ActiveCfg = Debug|Any CPU
		{D669EAA2-4E5F-4BC8-95CC-E203591394AA}.Debug|Any CPU.Build.0 = Debug|Any CPU
		{D669EAA2-4E5F-4BC8-95CC-E203591394AA}.Release|Any CPU.ActiveCfg = Release|Any CPU
		{D669EAA2-4E5F-4BC8-95CC-E203591394AA}.Release|Any CPU.Build.0 = Release|Any CPU
		{6F67D696-F621-4231-9F31-F4D2CEA446E4}.Debug|Any CPU.ActiveCfg = Debug|Any CPU
		{6F67D696-F621-4231-9F31-F4D2CEA446E4}.Debug|Any CPU.Build.0 = Debug|Any CPU
		{6F67D696-F621-4231-9F31-F4D2CEA446E4}.Release|Any CPU.ActiveCfg = Release|Any CPU
		{6F67D696-F621-4231-9F31-F4D2CEA446E4}.Release|Any CPU.Build.0 = Release|Any CPU
		{AA76442A-25C5-46F9-BDD6-DDCADD1B98E0}.Debug|Any CPU.ActiveCfg = Debug|Any CPU
		{AA76442A-25C5-46F9-BDD6-DDCADD1B98E0}.Debug|Any CPU.Build.0 = Debug|Any CPU
		{AA76442A-25C5-46F9-BDD6-DDCADD1B98E0}.Release|Any CPU.ActiveCfg = Release|Any CPU
		{AA76442A-25C5-46F9-BDD6-DDCADD1B98E0}.Release|Any CPU.Build.0 = Release|Any CPU
		{E0A797CA-EE3E-464A-88D6-B95EF57C9537}.Debug|Any CPU.ActiveCfg = Debug|Any CPU
		{E0A797CA-EE3E-464A-88D6-B95EF57C9537}.Debug|Any CPU.Build.0 = Debug|Any CPU
		{E0A797CA-EE3E-464A-88D6-B95EF57C9537}.Release|Any CPU.ActiveCfg = Release|Any CPU
		{E0A797CA-EE3E-464A-88D6-B95EF57C9537}.Release|Any CPU.Build.0 = Release|Any CPU
		{D72142C4-CF23-4A65-BFF6-D6F138302E9A}.Debug|Any CPU.ActiveCfg = Debug|Any CPU
		{D72142C4-CF23-4A65-BFF6-D6F138302E9A}.Debug|Any CPU.Build.0 = Debug|Any CPU
		{D72142C4-CF23-4A65-BFF6-D6F138302E9A}.Release|Any CPU.ActiveCfg = Release|Any CPU
		{D72142C4-CF23-4A65-BFF6-D6F138302E9A}.Release|Any CPU.Build.0 = Release|Any CPU
		{A421DD5D-0AFD-48BA-BDD7-1E965E7E80C9}.Debug|Any CPU.ActiveCfg = Debug|Any CPU
		{A421DD5D-0AFD-48BA-BDD7-1E965E7E80C9}.Debug|Any CPU.Build.0 = Debug|Any CPU
		{A421DD5D-0AFD-48BA-BDD7-1E965E7E80C9}.Release|Any CPU.ActiveCfg = Release|Any CPU
		{A421DD5D-0AFD-48BA-BDD7-1E965E7E80C9}.Release|Any CPU.Build.0 = Release|Any CPU
		{654AE93B-20F9-4973-AF25-C79878949559}.Debug|Any CPU.ActiveCfg = Debug|Any CPU
		{654AE93B-20F9-4973-AF25-C79878949559}.Debug|Any CPU.Build.0 = Debug|Any CPU
		{654AE93B-20F9-4973-AF25-C79878949559}.Release|Any CPU.ActiveCfg = Release|Any CPU
		{654AE93B-20F9-4973-AF25-C79878949559}.Release|Any CPU.Build.0 = Release|Any CPU
		{68CE3BE4-952B-4C90-AE7D-59337EE6C423}.Debug|Any CPU.ActiveCfg = Debug|Any CPU
		{68CE3BE4-952B-4C90-AE7D-59337EE6C423}.Debug|Any CPU.Build.0 = Debug|Any CPU
		{68CE3BE4-952B-4C90-AE7D-59337EE6C423}.Release|Any CPU.ActiveCfg = Release|Any CPU
		{68CE3BE4-952B-4C90-AE7D-59337EE6C423}.Release|Any CPU.Build.0 = Release|Any CPU
		{669E70E7-1601-4C29-AC6D-BD9E6CDDF3B1}.Debug|Any CPU.ActiveCfg = Debug|Any CPU
		{669E70E7-1601-4C29-AC6D-BD9E6CDDF3B1}.Debug|Any CPU.Build.0 = Debug|Any CPU
		{669E70E7-1601-4C29-AC6D-BD9E6CDDF3B1}.Release|Any CPU.ActiveCfg = Release|Any CPU
		{669E70E7-1601-4C29-AC6D-BD9E6CDDF3B1}.Release|Any CPU.Build.0 = Release|Any CPU
	EndGlobalSection
	GlobalSection(SolutionProperties) = preSolution
		HideSolutionNode = FALSE
	EndGlobalSection
	GlobalSection(ExtensibilityGlobals) = postSolution
		SolutionGuid = {3D027441-DA21-4E3D-B1B7-21196F1B7CD8}
	EndGlobalSection
EndGlobal
